PODS:
  - FBSnapshotTestCase (2.1.4):
    - FBSnapshotTestCase/SwiftSupport (= 2.1.4)
  - FBSnapshotTestCase/Core (2.1.4)
  - FBSnapshotTestCase/SwiftSupport (2.1.4):
    - FBSnapshotTestCase/Core
  - FUScanKitSDK (0.1.0):
    - Masonry (~> 1.1.0)
  - Masonry (1.1.0)

DEPENDENCIES:
  - FBSnapshotTestCase
  - FUScanKitSDK (from `../`)

SPEC REPOS:
  trunk:
    - FBSnapshotTestCase
    - Masonry

EXTERNAL SOURCES:
  FUScanKitSDK:
    :path: "../"

SPEC CHECKSUMS:
  FBSnapshotTestCase: 094f9f314decbabe373b87cc339bea235a63e07a
  FUScanKitSDK: 2787ca3405d4b72be0f74ac06ae8d6204bc03157
  Masonry: 678fab65091a9290e40e2832a55e7ab731aad201

PODFILE CHECKSUM: b0e3e08198389cbcd5b0fa6d83cc819dad009ce4

COCOAPODS: 1.11.2
