PODS:
  - FBSnapshotTestCase (2.1.4):
    - FBSnapshotTestCase/SwiftSupport (= 2.1.4)
  - FBSnapshotTestCase/Core (2.1.4)
  - FBSnapshotTestCase/SwiftSupport (2.1.4):
    - FBSnapshotTestCase/Core
  - FUScanKitSDK (0.1.0):
    - Masonry (~> 1.1.0)
    - MJExtension (= 3.4.1)
    - ScanKitFrameWork (~> 1.1.0.302)
  - Masonry (1.1.0)
  - MJExtension (3.4.1)
  - ScanKitFrameWork (1.1.0.302)

DEPENDENCIES:
  - FBSnapshotTestCase
  - FUScanKitSDK (from `../`)

SPEC REPOS:
  https://github.com/CocoaPods/Specs.git:
    - MJExtension
    - ScanKitFrameWork
  trunk:
    - FBSnapshotTestCase
    - Masonry

EXTERNAL SOURCES:
  FUScanKitSDK:
    :path: "../"

SPEC CHECKSUMS:
  FBSnapshotTestCase: 094f9f314decbabe373b87cc339bea235a63e07a
  FUScanKitSDK: 410724363fbce8f427527ff4ed263d3d18f4f718
  Masonry: 678fab65091a9290e40e2832a55e7ab731aad201
  MJExtension: 21c5f6f8c4d5d8844b7ae8fbae08fed0b501f961
  ScanKitFrameWork: e41cfd717fad1f1b35f08e923098f4806b81ead8

PODFILE CHECKSUM: 7f26b0123ffca65a0beca13af040c5c886d705de

COCOAPODS: 1.11.2
